PODS:
  - AFNetworking (3.1.0):
    - AFNetworking/NSURLSession (= 3.1.0)
    - AFNetworking/Reachability (= 3.1.0)
    - AFNetworking/Security (= 3.1.0)
    - AFNetworking/Serialization (= 3.1.0)
    - AFNetworking/UIKit (= 3.1.0)
  - AFNetworking/NSURLSession (3.1.0):
    - AFNetworking/Reachability
    - AFNetworking/Security
    - AFNetworking/Serialization
  - AFNetworking/Reachability (3.1.0)
  - AFNetworking/Security (3.1.0)
  - AFNetworking/Serialization (3.1.0)
  - AFNetworking/UIKit (3.1.0):
    - AFNetworking/NSURLSession
  - React/Core (0.40.0):
    - React/cxxreact
    - React/yoga
  - React/cxxreact (0.40.0):
    - React/jschelpers
  - React/jschelpers (0.40.0)
  - React/RCTImage (0.40.0):
    - React/Core
    - React/RCTNetwork
  - React/RCTNetwork (0.40.0):
    - React/Core
  - React/RCTText (0.40.0):
    - React/Core
  - React/RCTWebSocket (0.40.0):
    - React/Core
  - React/yoga (0.40.0)

DEPENDENCIES:
  - AFNetworking
  - React/Core (from `../node_modules/react-native`)
  - React/RCTImage (from `../node_modules/react-native`)
  - React/RCTNetwork (from `../node_modules/react-native`)
  - React/RCTText (from `../node_modules/react-native`)
  - React/RCTWebSocket (from `../node_modules/react-native`)

EXTERNAL SOURCES:
  React:
    :path: "../node_modules/react-native"

SPEC CHECKSUMS:
  AFNetworking: 5e0e199f73d8626b11e79750991f5d173d1f8b67
  React: 6dfb2f72edb1d74a800127ae157af038646673ce

PODFILE CHECKSUM: 69b6aa4a5954b30cd3ba9a40fdcb021c19591895

COCOAPODS: 1.1.1
